
Microsoft Visual Studio Solution File, Format Version 12.00
# Visual Studio Version 16
VisualStudioVersion = 16.0.30907.101
MinimumVisualStudioVersion = 10.0.40219.1
Project("{FAE04EC0-301F-11D3-BF4B-00C04F79EFBC}") = "API vyomet", "API vyomet\API vyomet.csproj", "{0A526895-7583-452D-AD74-623B43EA6054}"
EndProject
Global
	GlobalSection(SolutionConfigurationPlatforms) = preSolution
		Debug|Any CPU = Debug|Any CPU
		Release|Any CPU = Release|Any CPU
	EndGlobalSection
	GlobalSection(ProjectConfigurationPlatforms) = postSolution
		{0A526895-7583-452D-AD74-623B43EA6054}.Debug|Any CPU.ActiveCfg = Debug|Any CPU
		{0A526895-7583-452D-AD74-623B43EA6054}.Debug|Any CPU.Build.0 = Debug|Any CPU
		{0A526895-7583-452D-AD74-623B43EA6054}.Release|Any CPU.ActiveCfg = Release|Any CPU
		{0A526895-7583-452D-AD74-623B43EA6054}.Release|Any CPU.Build.0 = Release|Any CPU
	EndGlobalSection
	GlobalSection(SolutionProperties) = preSolution
		HideSolutionNode = FALSE
	EndGlobalSection
	GlobalSection(ExtensibilityGlobals) = postSolution
		SolutionGuid = {D9491188-0752-4E70-85D9-86930FBF9857}
	EndGlobalSection
EndGlobal
